{
    "name": "better-together-tests",
    "version": "0.1.0",
    "lockfileVersion": 3,
    "requires": true,
    "packages": {
        "": {
            "name": "better-together-tests",
            "version": "0.1.0",
            "dependencies": {
                "@pavelsavara/jsco": "^0.2.0-preview.2"
            }
        },
        "../../jsco/dist/release": {
            "name": "@pavelsavara/jsco",
            "version": "0.1.0",
            "extraneous": true,
            "license": "Apache-2.0 WITH LLVM-exception",
            "bin": {
                "jsco": "index.js"
            },
            "engines": {
                "node": ">=22.0.0"
            }
        },
        "node_modules/@pavelsavara/jsco": {
            "version": "0.2.0-preview.2",
            "resolved": "https://registry.npmjs.org/@pavelsavara/jsco/-/jsco-0.2.0-preview.2.tgz",
            "integrity": "sha512-oOxMDl01cvT8K33tpAAwtc5gQkVLAH1o2LbBf7GswSPkkW+pmWb2ImM6xx6w/rRiXXD0On3wl68Ah8m22VCTGQ==",
            "license": "Apache-2.0 WITH LLVM-exception",
            "bin": {
                "jsco": "index.js"
            },
            "engines": {
                "node": ">=22.0.0"
            }
        }
    }
}
