{
    "name": "better-together-tests",
    "version": "0.1.0",
    "lockfileVersion": 3,
    "requires": true,
    "packages": {
        "": {
            "name": "better-together-tests",
            "version": "0.1.0",
            "dependencies": {
                "@pavelsavara/jsco": "file:../../jsco/dist/debug"
            }
        },
        "../../jsco/dist/debug": {
            "name": "@pavelsavara/jsco",
            "version": "0.1.0",
            "license": "Apache-2.0 WITH LLVM-exception",
            "bin": {
                "jsco": "index.js"
            },
            "engines": {
                "node": ">=22.0.0"
            }
        },
        "../../jsco/dist/release": {
            "name": "@pavelsavara/jsco",
            "version": "0.1.0",
            "extraneous": true,
            "license": "Apache-2.0 WITH LLVM-exception",
            "bin": {
                "jsco": "index.js"
            },
            "engines": {
                "node": ">=22.0.0"
            }
        },
        "node_modules/@pavelsavara/jsco": {
            "resolved": "../../jsco/dist/debug",
            "link": true
        }
    }
}
